// !$*UTF8*$!
{
	archiveVersion = 1;
	classes = {
	};
	objectVersion = 51;
	objects = {

/* Begin PBXBuildFile section */
		1041F1287F20A110F8DC77B0 /* Pods_InstaClone.framework in Frameworks */ = {isa = PBXBuildFile; fileRef = 134C05FC8DAA10ADE1BD0C3C /* Pods_InstaClone.framework */; };
		1A3E424522E6C8E800D9829D /* ChatViewCell.swift in Sources */ = {isa = PBXBuildFile; fileRef = 1A3E424322E6C8E800D9829D /* ChatViewCell.swift */; };
		1A3E424622E6C8E800D9829D /* ChatViewCell.xib in Resources */ = {isa = PBXBuildFile; fileRef = 1A3E424422E6C8E800D9829D /* ChatViewCell.xib */; };
		1A3E424922E6E25D00D9829D /* ChatViewHeader.swift in Sources */ = {isa = PBXBuildFile; fileRef = 1A3E424722E6E25D00D9829D /* ChatViewHeader.swift */; };
		1A3E424A22E6E25D00D9829D /* ChatViewHeader.xib in Resources */ = {isa = PBXBuildFile; fileRef = 1A3E424822E6E25D00D9829D /* ChatViewHeader.xib */; };
		1A4560BB22E56E8500AB49A0 /* AppDelegate.swift in Sources */ = {isa = PBXBuildFile; fileRef = 1A4560BA22E56E8500AB49A0 /* AppDelegate.swift */; };
		1A4560C222E56EB200AB49A0 /* Assets.xcassets in Resources */ = {isa = PBXBuildFile; fileRef = 1A4560C122E56EB200AB49A0 /* Assets.xcassets */; };
		1A4560CE22E5702F00AB49A0 /* FeedVC.swift in Sources */ = {isa = PBXBuildFile; fileRef = 1A4560CC22E5702F00AB49A0 /* FeedVC.swift */; };
		1A4560CF22E5702F00AB49A0 /* FeedVC.xib in Resources */ = {isa = PBXBuildFile; fileRef = 1A4560CD22E5702F00AB49A0 /* FeedVC.xib */; };
		1A4560D722E5782700AB49A0 /* MainCollectionView.swift in Sources */ = {isa = PBXBuildFile; fileRef = 1A4560D622E5782700AB49A0 /* MainCollectionView.swift */; };
		1A4560DA22E587AC00AB49A0 /* VC1.swift in Sources */ = {isa = PBXBuildFile; fileRef = 1A4560D822E587AC00AB49A0 /* VC1.swift */; };
		1A4560DB22E587AC00AB49A0 /* VC1.xib in Resources */ = {isa = PBXBuildFile; fileRef = 1A4560D922E587AC00AB49A0 /* VC1.xib */; };
		1A4560DE22E587B700AB49A0 /* VC2.swift in Sources */ = {isa = PBXBuildFile; fileRef = 1A4560DC22E587B700AB49A0 /* VC2.swift */; };
		1A4560DF22E587B700AB49A0 /* VC2.xib in Resources */ = {isa = PBXBuildFile; fileRef = 1A4560DD22E587B700AB49A0 /* VC2.xib */; };
		1A4560E222E58EF000AB49A0 /* MainViewController.swift in Sources */ = {isa = PBXBuildFile; fileRef = 1A4560E022E58EF000AB49A0 /* MainViewController.swift */; };
		1A4560EA22E5B04500AB49A0 /* ChatVC.swift in Sources */ = {isa = PBXBuildFile; fileRef = 1A4560E822E5B04500AB49A0 /* ChatVC.swift */; };
		1A4560EB22E5B04500AB49A0 /* ChatVC.xib in Resources */ = {isa = PBXBuildFile; fileRef = 1A4560E922E5B04500AB49A0 /* ChatVC.xib */; };
		1A4560ED22E5C0BC00AB49A0 /* MainViewController+CustomNavBar.swift in Sources */ = {isa = PBXBuildFile; fileRef = 1A4560EC22E5C0BC00AB49A0 /* MainViewController+CustomNavBar.swift */; };
		1A4560EF22E5C2CB00AB49A0 /* FeedViewModel.swift in Sources */ = {isa = PBXBuildFile; fileRef = 1A4560EE22E5C2CB00AB49A0 /* FeedViewModel.swift */; };
		1A4560F122E5C32900AB49A0 /* FeedData.swift in Sources */ = {isa = PBXBuildFile; fileRef = 1A4560F022E5C32900AB49A0 /* FeedData.swift */; };
		1A4560F322E5C48400AB49A0 /* APIClient.swift in Sources */ = {isa = PBXBuildFile; fileRef = 1A4560F222E5C48400AB49A0 /* APIClient.swift */; };
		1ACDFD9622E5D7700087CDF2 /* ChatCollectionView.swift in Sources */ = {isa = PBXBuildFile; fileRef = 1ACDFD9522E5D7700087CDF2 /* ChatCollectionView.swift */; };
/* End PBXBuildFile section */

/* Begin PBXFileReference section */
		134C05FC8DAA10ADE1BD0C3C /* Pods_InstaClone.framework */ = {isa = PBXFileReference; explicitFileType = wrapper.framework; includeInIndex = 0; path = Pods_InstaClone.framework; sourceTree = BUILT_PRODUCTS_DIR; };
		1A3E424322E6C8E800D9829D /* ChatViewCell.swift */ = {isa = PBXFileReference; lastKnownFileType = sourcecode.swift; path = ChatViewCell.swift; sourceTree = "<group>"; };
		1A3E424422E6C8E800D9829D /* ChatViewCell.xib */ = {isa = PBXFileReference; lastKnownFileType = file.xib; path = ChatViewCell.xib; sourceTree = "<group>"; };
		1A3E424722E6E25D00D9829D /* ChatViewHeader.swift */ = {isa = PBXFileReference; lastKnownFileType = sourcecode.swift; path = ChatViewHeader.swift; sourceTree = "<group>"; };
		1A3E424822E6E25D00D9829D /* ChatViewHeader.xib */ = {isa = PBXFileReference; lastKnownFileType = file.xib; path = ChatViewHeader.xib; sourceTree = "<group>"; };
		1A4560B722E56E8500AB49A0 /* InstaClone.app */ = {isa = PBXFileReference; explicitFileType = wrapper.application; includeInIndex = 0; path = InstaClone.app; sourceTree = BUILT_PRODUCTS_DIR; };
		1A4560BA22E56E8500AB49A0 /* AppDelegate.swift */ = {isa = PBXFileReference; lastKnownFileType = sourcecode.swift; path = AppDelegate.swift; sourceTree = "<group>"; };
		1A4560C122E56EB200AB49A0 /* Assets.xcassets */ = {isa = PBXFileReference; lastKnownFileType = folder.assetcatalog; path = Assets.xcassets; sourceTree = "<group>"; };
		1A4560C622E56EB200AB49A0 /* Info.plist */ = {isa = PBXFileReference; lastKnownFileType = text.plist.xml; path = Info.plist; sourceTree = "<group>"; };
		1A4560CC22E5702F00AB49A0 /* FeedVC.swift */ = {isa = PBXFileReference; lastKnownFileType = sourcecode.swift; path = FeedVC.swift; sourceTree = "<group>"; };
		1A4560CD22E5702F00AB49A0 /* FeedVC.xib */ = {isa = PBXFileReference; lastKnownFileType = file.xib; path = FeedVC.xib; sourceTree = "<group>"; };
		1A4560D622E5782700AB49A0 /* MainCollectionView.swift */ = {isa = PBXFileReference; lastKnownFileType = sourcecode.swift; path = MainCollectionView.swift; sourceTree = "<group>"; };
		1A4560D822E587AC00AB49A0 /* VC1.swift */ = {isa = PBXFileReference; lastKnownFileType = sourcecode.swift; path = VC1.swift; sourceTree = "<group>"; };
		1A4560D922E587AC00AB49A0 /* VC1.xib */ = {isa = PBXFileReference; lastKnownFileType = file.xib; path = VC1.xib; sourceTree = "<group>"; };
		1A4560DC22E587B700AB49A0 /* VC2.swift */ = {isa = PBXFileReference; lastKnownFileType = sourcecode.swift; path = VC2.swift; sourceTree = "<group>"; };
		1A4560DD22E587B700AB49A0 /* VC2.xib */ = {isa = PBXFileReference; lastKnownFileType = file.xib; path = VC2.xib; sourceTree = "<group>"; };
		1A4560E022E58EF000AB49A0 /* MainViewController.swift */ = {isa = PBXFileReference; lastKnownFileType = sourcecode.swift; path = MainViewController.swift; sourceTree = "<group>"; };
		1A4560E822E5B04500AB49A0 /* ChatVC.swift */ = {isa = PBXFileReference; lastKnownFileType = sourcecode.swift; path = ChatVC.swift; sourceTree = "<group>"; };
		1A4560E922E5B04500AB49A0 /* ChatVC.xib */ = {isa = PBXFileReference; lastKnownFileType = file.xib; path = ChatVC.xib; sourceTree = "<group>"; };
		1A4560EC22E5C0BC00AB49A0 /* MainViewController+CustomNavBar.swift */ = {isa = PBXFileReference; lastKnownFileType = sourcecode.swift; path = "MainViewController+CustomNavBar.swift"; sourceTree = "<group>"; };
		1A4560EE22E5C2CB00AB49A0 /* FeedViewModel.swift */ = {isa = PBXFileReference; lastKnownFileType = sourcecode.swift; path = FeedViewModel.swift; sourceTree = "<group>"; };
		1A4560F022E5C32900AB49A0 /* FeedData.swift */ = {isa = PBXFileReference; lastKnownFileType = sourcecode.swift; path = FeedData.swift; sourceTree = "<group>"; };
		1A4560F222E5C48400AB49A0 /* APIClient.swift */ = {isa = PBXFileReference; lastKnownFileType = sourcecode.swift; path = APIClient.swift; sourceTree = "<group>"; };
		1ACDFD9522E5D7700087CDF2 /* ChatCollectionView.swift */ = {isa = PBXFileReference; lastKnownFileType = sourcecode.swift; path = ChatCollectionView.swift; sourceTree = "<group>"; };
		4E37CDD222B7B319A82FB7C4 /* Pods-InstaClone.release.xcconfig */ = {isa = PBXFileReference; includeInIndex = 1; lastKnownFileType = text.xcconfig; name = "Pods-InstaClone.release.xcconfig"; path = "Target Support Files/Pods-InstaClone/Pods-InstaClone.release.xcconfig"; sourceTree = "<group>"; };
		9BA01523D6C466623CEC7BF2 /* Pods-InstaClone.debug.xcconfig */ = {isa = PBXFileReference; includeInIndex = 1; lastKnownFileType = text.xcconfig; name = "Pods-InstaClone.debug.xcconfig"; path = "Target Support Files/Pods-InstaClone/Pods-InstaClone.debug.xcconfig"; sourceTree = "<group>"; };
/* End PBXFileReference section */

/* Begin PBXFrameworksBuildPhase section */
		1A4560B422E56E8500AB49A0 /* Frameworks */ = {
			isa = PBXFrameworksBuildPhase;
			buildActionMask = 2147483647;
			files = (
				1041F1287F20A110F8DC77B0 /* Pods_InstaClone.framework in Frameworks */,
			);
			runOnlyForDeploymentPostprocessing = 0;
		};
/* End PBXFrameworksBuildPhase section */

/* Begin PBXGroup section */
		1A4560AE22E56E8500AB49A0 = {
			isa = PBXGroup;
			children = (
				1A4560B922E56E8500AB49A0 /* InstaClone */,
				1A4560B822E56E8500AB49A0 /* Products */,
				AD961F525A740D06DDCB6695 /* Pods */,
				C98707C35FB5981E66F5DD9F /* Frameworks */,
			);
			sourceTree = "<group>";
		};
		1A4560B822E56E8500AB49A0 /* Products */ = {
			isa = PBXGroup;
			children = (
				1A4560B722E56E8500AB49A0 /* InstaClone.app */,
			);
			name = Products;
			sourceTree = "<group>";
		};
		1A4560B922E56E8500AB49A0 /* InstaClone */ = {
			isa = PBXGroup;
			children = (
				1A4560BA22E56E8500AB49A0 /* AppDelegate.swift */,
				1A4560C122E56EB200AB49A0 /* Assets.xcassets */,
				1A4560C622E56EB200AB49A0 /* Info.plist */,
				1A4560D022E5703800AB49A0 /* Features */,
			);
			path = InstaClone;
			sourceTree = "<group>";
		};
		1A4560D022E5703800AB49A0 /* Features */ = {
			isa = PBXGroup;
			children = (
				1A4560D122E5703F00AB49A0 /* Feed */,
				1A4560D622E5782700AB49A0 /* MainCollectionView.swift */,
				1A4560D822E587AC00AB49A0 /* VC1.swift */,
				1A4560D922E587AC00AB49A0 /* VC1.xib */,
				1A4560DC22E587B700AB49A0 /* VC2.swift */,
				1A4560DD22E587B700AB49A0 /* VC2.xib */,
				1A4560E022E58EF000AB49A0 /* MainViewController.swift */,
				1A4560E822E5B04500AB49A0 /* ChatVC.swift */,
				1A4560E922E5B04500AB49A0 /* ChatVC.xib */,
				1A4560EC22E5C0BC00AB49A0 /* MainViewController+CustomNavBar.swift */,
				1A4560F222E5C48400AB49A0 /* APIClient.swift */,
				1ACDFD9522E5D7700087CDF2 /* ChatCollectionView.swift */,
				1A3E424322E6C8E800D9829D /* ChatViewCell.swift */,
				1A3E424422E6C8E800D9829D /* ChatViewCell.xib */,
				1A3E424722E6E25D00D9829D /* ChatViewHeader.swift */,
				1A3E424822E6E25D00D9829D /* ChatViewHeader.xib */,
			);
			path = Features;
			sourceTree = "<group>";
		};
		1A4560D122E5703F00AB49A0 /* Feed */ = {
			isa = PBXGroup;
			children = (
				1A4560CC22E5702F00AB49A0 /* FeedVC.swift */,
				1A4560CD22E5702F00AB49A0 /* FeedVC.xib */,
				1A4560EE22E5C2CB00AB49A0 /* FeedViewModel.swift */,
				1A4560F022E5C32900AB49A0 /* FeedData.swift */,
			);
			path = Feed;
			sourceTree = "<group>";
		};
		AD961F525A740D06DDCB6695 /* Pods */ = {
			isa = PBXGroup;
			children = (
				9BA01523D6C466623CEC7BF2 /* Pods-InstaClone.debug.xcconfig */,
				4E37CDD222B7B319A82FB7C4 /* Pods-InstaClone.release.xcconfig */,
			);
			path = Pods;
			sourceTree = "<group>";
		};
		C98707C35FB5981E66F5DD9F /* Frameworks */ = {
			isa = PBXGroup;
			children = (
				134C05FC8DAA10ADE1BD0C3C /* Pods_InstaClone.framework */,
			);
			name = Frameworks;
			sourceTree = "<group>";
		};
/* End PBXGroup section */

/* Begin PBXNativeTarget section */
		1A4560B622E56E8500AB49A0 /* InstaClone */ = {
			isa = PBXNativeTarget;
			buildConfigurationList = 1A4560C922E56EB200AB49A0 /* Build configuration list for PBXNativeTarget "InstaClone" */;
			buildPhases = (
				07104CB8E1DC841D6D8DAA59 /* [CP] Check Pods Manifest.lock */,
				1A4560B322E56E8500AB49A0 /* Sources */,
				1A4560B422E56E8500AB49A0 /* Frameworks */,
				1A4560B522E56E8500AB49A0 /* Resources */,
				2C3628219F62252C0E0E67F2 /* [CP] Embed Pods Frameworks */,
			);
			buildRules = (
			);
			dependencies = (
			);
			name = InstaClone;
			productName = InstaClone;
			productReference = 1A4560B722E56E8500AB49A0 /* InstaClone.app */;
			productType = "com.apple.product-type.application";
		};
/* End PBXNativeTarget section */

/* Begin PBXProject section */
		1A4560AF22E56E8500AB49A0 /* Project object */ = {
			isa = PBXProject;
			attributes = {
				LastSwiftUpdateCheck = 1020;
				LastUpgradeCheck = 1020;
				ORGANIZATIONNAME = zopsmart;
				TargetAttributes = {
					1A4560B622E56E8500AB49A0 = {
						CreatedOnToolsVersion = 10.2.1;
					};
				};
			};
			buildConfigurationList = 1A4560B222E56E8500AB49A0 /* Build configuration list for PBXProject "InstaClone" */;
			compatibilityVersion = "Xcode 9.3";
			developmentRegion = en;
			hasScannedForEncodings = 0;
			knownRegions = (
				en,
				Base,
			);
			mainGroup = 1A4560AE22E56E8500AB49A0;
			productRefGroup = 1A4560B822E56E8500AB49A0 /* Products */;
			projectDirPath = "";
			projectRoot = "";
			targets = (
				1A4560B622E56E8500AB49A0 /* InstaClone */,
			);
		};
/* End PBXProject section */

/* Begin PBXResourcesBuildPhase section */
		1A4560B522E56E8500AB49A0 /* Resources */ = {
			isa = PBXResourcesBuildPhase;
			buildActionMask = 2147483647;
			files = (
				1A4560DF22E587B700AB49A0 /* VC2.xib in Resources */,
				1A4560CF22E5702F00AB49A0 /* FeedVC.xib in Resources */,
				1A3E424622E6C8E800D9829D /* ChatViewCell.xib in Resources */,
				1A3E424A22E6E25D00D9829D /* ChatViewHeader.xib in Resources */,
				1A4560DB22E587AC00AB49A0 /* VC1.xib in Resources */,
				1A4560EB22E5B04500AB49A0 /* ChatVC.xib in Resources */,
				1A4560C222E56EB200AB49A0 /* Assets.xcassets in Resources */,
			);
			runOnlyForDeploymentPostprocessing = 0;
		};
/* End PBXResourcesBuildPhase section */

/* Begin PBXShellScriptBuildPhase section */
		07104CB8E1DC841D6D8DAA59 /* [CP] Check Pods Manifest.lock */ = {
			isa = PBXShellScriptBuildPhase;
			buildActionMask = 2147483647;
			files = (
			);
			inputFileListPaths = (
			);
			inputPaths = (
				"${PODS_PODFILE_DIR_PATH}/Podfile.lock",
				"${PODS_ROOT}/Manifest.lock",
			);
			name = "[CP] Check Pods Manifest.lock";
			outputFileListPaths = (
			);
			outputPaths = (
				"$(DERIVED_FILE_DIR)/Pods-InstaClone-checkManifestLockResult.txt",
			);
			runOnlyForDeploymentPostprocessing = 0;
			shellPath = /bin/sh;
			shellScript = "diff \"${PODS_PODFILE_DIR_PATH}/Podfile.lock\" \"${PODS_ROOT}/Manifest.lock\" > /dev/null\nif [ $? != 0 ] ; then\n    # print error to STDERR\n    echo \"error: The sandbox is not in sync with the Podfile.lock. Run 'pod install' or update your CocoaPods installation.\" >&2\n    exit 1\nfi\n# This output is used by Xcode 'outputs' to avoid re-running this script phase.\necho \"SUCCESS\" > \"${SCRIPT_OUTPUT_FILE_0}\"\n";
			showEnvVarsInLog = 0;
		};
		2C3628219F62252C0E0E67F2 /* [CP] Embed Pods Frameworks */ = {
			isa = PBXShellScriptBuildPhase;
			buildActionMask = 2147483647;
			files = (
			);
			inputFileListPaths = (
				"${PODS_ROOT}/Target Support Files/Pods-InstaClone/Pods-InstaClone-frameworks-${CONFIGURATION}-input-files.xcfilelist",
			);
			name = "[CP] Embed Pods Frameworks";
			outputFileListPaths = (
				"${PODS_ROOT}/Target Support Files/Pods-InstaClone/Pods-InstaClone-frameworks-${CONFIGURATION}-output-files.xcfilelist",
			);
			runOnlyForDeploymentPostprocessing = 0;
			shellPath = /bin/sh;
			shellScript = "\"${PODS_ROOT}/Target Support Files/Pods-InstaClone/Pods-InstaClone-frameworks.sh\"\n";
			showEnvVarsInLog = 0;
		};
/* End PBXShellScriptBuildPhase section */

/* Begin PBXSourcesBuildPhase section */
		1A4560B322E56E8500AB49A0 /* Sources */ = {
			isa = PBXSourcesBuildPhase;
			buildActionMask = 2147483647;
			files = (
				1A4560EA22E5B04500AB49A0 /* ChatVC.swift in Sources */,
				1A4560F122E5C32900AB49A0 /* FeedData.swift in Sources */,
				1A4560E222E58EF000AB49A0 /* MainViewController.swift in Sources */,
				1A4560CE22E5702F00AB49A0 /* FeedVC.swift in Sources */,
				1A4560DA22E587AC00AB49A0 /* VC1.swift in Sources */,
				1A4560F322E5C48400AB49A0 /* APIClient.swift in Sources */,
				1A4560ED22E5C0BC00AB49A0 /* MainViewController+CustomNavBar.swift in Sources */,
				1A3E424922E6E25D00D9829D /* ChatViewHeader.swift in Sources */,
				1A3E424522E6C8E800D9829D /* ChatViewCell.swift in Sources */,
				1A4560DE22E587B700AB49A0 /* VC2.swift in Sources */,
				1A4560BB22E56E8500AB49A0 /* AppDelegate.swift in Sources */,
				1ACDFD9622E5D7700087CDF2 /* ChatCollectionView.swift in Sources */,
				1A4560D722E5782700AB49A0 /* MainCollectionView.swift in Sources */,
				1A4560EF22E5C2CB00AB49A0 /* FeedViewModel.swift in Sources */,
			);
			runOnlyForDeploymentPostprocessing = 0;
		};
/* End PBXSourcesBuildPhase section */

/* Begin XCBuildConfiguration section */
		1A4560C722E56EB200AB49A0 /* Debug */ = {
			isa = XCBuildConfiguration;
			buildSettings = {
				ALWAYS_SEARCH_USER_PATHS = NO;
				CLANG_ANALYZER_NONNULL = YES;
				CLANG_ANALYZER_NUMBER_OBJECT_CONVERSION = YES_AGGRESSIVE;
				CLANG_CXX_LANGUAGE_STANDARD = "gnu++14";
				CLANG_CXX_LIBRARY = "libc++";
				CLANG_ENABLE_MODULES = YES;
				CLANG_ENABLE_OBJC_ARC = YES;
				CLANG_ENABLE_OBJC_WEAK = YES;
				CLANG_WARN_BLOCK_CAPTURE_AUTORELEASING = YES;
				CLANG_WARN_BOOL_CONVERSION = YES;
				CLANG_WARN_COMMA = YES;
				CLANG_WARN_CONSTANT_CONVERSION = YES;
				CLANG_WARN_DEPRECATED_OBJC_IMPLEMENTATIONS = YES;
				CLANG_WARN_DIRECT_OBJC_ISA_USAGE = YES_ERROR;
				CLANG_WARN_DOCUMENTATION_COMMENTS = YES;
				CLANG_WARN_EMPTY_BODY = YES;
				CLANG_WARN_ENUM_CONVERSION = YES;
				CLANG_WARN_INFINITE_RECURSION = YES;
				CLANG_WARN_INT_CONVERSION = YES;
				CLANG_WARN_NON_LITERAL_NULL_CONVERSION = YES;
				CLANG_WARN_OBJC_IMPLICIT_RETAIN_SELF = YES;
				CLANG_WARN_OBJC_LITERAL_CONVERSION = YES;
				CLANG_WARN_OBJC_ROOT_CLASS = YES_ERROR;
				CLANG_WARN_RANGE_LOOP_ANALYSIS = YES;
				CLANG_WARN_STRICT_PROTOTYPES = YES;
				CLANG_WARN_SUSPICIOUS_MOVE = YES;
				CLANG_WARN_UNGUARDED_AVAILABILITY = YES_AGGRESSIVE;
				CLANG_WARN_UNREACHABLE_CODE = YES;
				CLANG_WARN__DUPLICATE_METHOD_MATCH = YES;
				CODE_SIGN_IDENTITY = "iPhone Developer";
				COPY_PHASE_STRIP = NO;
				DEBUG_INFORMATION_FORMAT = dwarf;
				ENABLE_STRICT_OBJC_MSGSEND = YES;
				ENABLE_TESTABILITY = YES;
				GCC_C_LANGUAGE_STANDARD = gnu11;
				GCC_DYNAMIC_NO_PIC = NO;
				GCC_NO_COMMON_BLOCKS = YES;
				GCC_OPTIMIZATION_LEVEL = 0;
				GCC_PREPROCESSOR_DEFINITIONS = (
					"DEBUG=1",
					"$(inherited)",
				);
				GCC_WARN_64_TO_32_BIT_CONVERSION = YES;
				GCC_WARN_ABOUT_RETURN_TYPE = YES_ERROR;
				GCC_WARN_UNDECLARED_SELECTOR = YES;
				GCC_WARN_UNINITIALIZED_AUTOS = YES_AGGRESSIVE;
				GCC_WARN_UNUSED_FUNCTION = YES;
				GCC_WARN_UNUSED_VARIABLE = YES;
				IPHONEOS_DEPLOYMENT_TARGET = 12.2;
				MTL_ENABLE_DEBUG_INFO = INCLUDE_SOURCE;
				MTL_FAST_MATH = YES;
				ONLY_ACTIVE_ARCH = YES;
				SDKROOT = iphoneos;
				SWIFT_ACTIVE_COMPILATION_CONDITIONS = DEBUG;
				SWIFT_OPTIMIZATION_LEVEL = "-Onone";
			};
			name = Debug;
		};
		1A4560C822E56EB200AB49A0 /* Release */ = {
			isa = XCBuildConfiguration;
			buildSettings = {
				ALWAYS_SEARCH_USER_PATHS = NO;
				CLANG_ANALYZER_NONNULL = YES;
				CLANG_ANALYZER_NUMBER_OBJECT_CONVERSION = YES_AGGRESSIVE;
				CLANG_CXX_LANGUAGE_STANDARD = "gnu++14";
				CLANG_CXX_LIBRARY = "libc++";
				CLANG_ENABLE_MODULES = YES;
				CLANG_ENABLE_OBJC_ARC = YES;
				CLANG_ENABLE_OBJC_WEAK = YES;
				CLANG_WARN_BLOCK_CAPTURE_AUTORELEASING = YES;
				CLANG_WARN_BOOL_CONVERSION = YES;
				CLANG_WARN_COMMA = YES;
				CLANG_WARN_CONSTANT_CONVERSION = YES;
				CLANG_WARN_DEPRECATED_OBJC_IMPLEMENTATIONS = YES;
				CLANG_WARN_DIRECT_OBJC_ISA_USAGE = YES_ERROR;
				CLANG_WARN_DOCUMENTATION_COMMENTS = YES;
				CLANG_WARN_EMPTY_BODY = YES;
				CLANG_WARN_ENUM_CONVERSION = YES;
				CLANG_WARN_INFINITE_RECURSION = YES;
				CLANG_WARN_INT_CONVERSION = YES;
				CLANG_WARN_NON_LITERAL_NULL_CONVERSION = YES;
				CLANG_WARN_OBJC_IMPLICIT_RETAIN_SELF = YES;
				CLANG_WARN_OBJC_LITERAL_CONVERSION = YES;
				CLANG_WARN_OBJC_ROOT_CLASS = YES_ERROR;
				CLANG_WARN_RANGE_LOOP_ANALYSIS = YES;
				CLANG_WARN_STRICT_PROTOTYPES = YES;
				CLANG_WARN_SUSPICIOUS_MOVE = YES;
				CLANG_WARN_UNGUARDED_AVAILABILITY = YES_AGGRESSIVE;
				CLANG_WARN_UNREACHABLE_CODE = YES;
				CLANG_WARN__DUPLICATE_METHOD_MATCH = YES;
				CODE_SIGN_IDENTITY = "iPhone Developer";
				COPY_PHASE_STRIP = NO;
				DEBUG_INFORMATION_FORMAT = "dwarf-with-dsym";
				ENABLE_NS_ASSERTIONS = NO;
				ENABLE_STRICT_OBJC_MSGSEND = YES;
				GCC_C_LANGUAGE_STANDARD = gnu11;
				GCC_NO_COMMON_BLOCKS = YES;
				GCC_WARN_64_TO_32_BIT_CONVERSION = YES;
				GCC_WARN_ABOUT_RETURN_TYPE = YES_ERROR;
				GCC_WARN_UNDECLARED_SELECTOR = YES;
				GCC_WARN_UNINITIALIZED_AUTOS = YES_AGGRESSIVE;
				GCC_WARN_UNUSED_FUNCTION = YES;
				GCC_WARN_UNUSED_VARIABLE = YES;
				IPHONEOS_DEPLOYMENT_TARGET = 12.2;
				MTL_ENABLE_DEBUG_INFO = NO;
				MTL_FAST_MATH = YES;
				SDKROOT = iphoneos;
				SWIFT_COMPILATION_MODE = wholemodule;
				SWIFT_OPTIMIZATION_LEVEL = "-O";
				VALIDATE_PRODUCT = YES;
			};
			name = Release;
		};
		1A4560CA22E56EB200AB49A0 /* Debug */ = {
			isa = XCBuildConfiguration;
			baseConfigurationReference = 9BA01523D6C466623CEC7BF2 /* Pods-InstaClone.debug.xcconfig */;
			buildSettings = {
				ASSETCATALOG_COMPILER_APPICON_NAME = AppIcon;
				CODE_SIGN_STYLE = Automatic;
				INFOPLIST_FILE = InstaClone/Info.plist;
				LD_RUNPATH_SEARCH_PATHS = (
					"$(inherited)",
					"@executable_path/Frameworks",
				);
				PRODUCT_BUNDLE_IDENTIFIER = fury2k.InstaClone;
				PRODUCT_NAME = "$(TARGET_NAME)";
				SWIFT_VERSION = 5.0;
				TARGETED_DEVICE_FAMILY = "1,2";
			};
			name = Debug;
		};
		1A4560CB22E56EB200AB49A0 /* Release */ = {
			isa = XCBuildConfiguration;
			baseConfigurationReference = 4E37CDD222B7B319A82FB7C4 /* Pods-InstaClone.release.xcconfig */;
			buildSettings = {
				ASSETCATALOG_COMPILER_APPICON_NAME = AppIcon;
				CODE_SIGN_STYLE = Automatic;
				INFOPLIST_FILE = InstaClone/Info.plist;
				LD_RUNPATH_SEARCH_PATHS = (
					"$(inherited)",
					"@executable_path/Frameworks",
				);
				PRODUCT_BUNDLE_IDENTIFIER = fury2k.InstaClone;
				PRODUCT_NAME = "$(TARGET_NAME)";
				SWIFT_VERSION = 5.0;
				TARGETED_DEVICE_FAMILY = "1,2";
			};
			name = Release;
		};
/* End XCBuildConfiguration section */

/* Begin XCConfigurationList section */
		1A4560B222E56E8500AB49A0 /* Build configuration list for PBXProject "InstaClone" */ = {
			isa = XCConfigurationList;
			buildConfigurations = (
				1A4560C722E56EB200AB49A0 /* Debug */,
				1A4560C822E56EB200AB49A0 /* Release */,
			);
			defaultConfigurationIsVisible = 0;
			defaultConfigurationName = Release;
		};
		1A4560C922E56EB200AB49A0 /* Build configuration list for PBXNativeTarget "InstaClone" */ = {
			isa = XCConfigurationList;
			buildConfigurations = (
				1A4560CA22E56EB200AB49A0 /* Debug */,
				1A4560CB22E56EB200AB49A0 /* Release */,
			);
			defaultConfigurationIsVisible = 0;
			defaultConfigurationName = Release;
		};
/* End XCConfigurationList section */
	};
	rootObject = 1A4560AF22E56E8500AB49A0 /* Project object */;
}
