// !$*UTF8*$!
{
	archiveVersion = 1;
	classes = {
	};
	objectVersion = 51;
	objects = {

/* Begin PBXBuildFile section */
		1041F1287F20A110F8DC77B0 /* Pods_InstaClone.framework in Frameworks */ = {isa = PBXBuildFile; fileRef = 134C05FC8DAA10ADE1BD0C3C /* Pods_InstaClone.framework */; };
		1A3E424522E6C8E800D9829D /* ChatViewCell.swift in Sources */ = {isa = PBXBuildFile; fileRef = 1A3E424322E6C8E800D9829D /* ChatViewCell.swift */; };
		1A3E424622E6C8E800D9829D /* ChatViewCell.xib in Resources */ = {isa = PBXBuildFile; fileRef = 1A3E424422E6C8E800D9829D /* ChatViewCell.xib */; };
		1A3E424922E6E25D00D9829D /* ChatViewHeader.swift in Sources */ = {isa = PBXBuildFile; fileRef = 1A3E424722E6E25D00D9829D /* ChatViewHeader.swift */; };
		1A3E424A22E6E25D00D9829D /* ChatViewHeader.xib in Resources */ = {isa = PBXBuildFile; fileRef = 1A3E424822E6E25D00D9829D /* ChatViewHeader.xib */; };
		1A3E425522E85A8A00D9829D /* FeedViewCell.swift in Sources */ = {isa = PBXBuildFile; fileRef = 1A3E425322E85A8A00D9829D /* FeedViewCell.swift */; };
		1A3E425622E85A8A00D9829D /* FeedViewCell.xib in Resources */ = {isa = PBXBuildFile; fileRef = 1A3E425422E85A8A00D9829D /* FeedViewCell.xib */; };
		1A3E425922E86F2A00D9829D /* FeedHeaderView.swift in Sources */ = {isa = PBXBuildFile; fileRef = 1A3E425722E86F2A00D9829D /* FeedHeaderView.swift */; };
		1A3E425A22E86F2A00D9829D /* FeedHeaderView.xib in Resources */ = {isa = PBXBuildFile; fileRef = 1A3E425822E86F2A00D9829D /* FeedHeaderView.xib */; };
		1A3E425D22E87FB400D9829D /* HeaderCollectionCell.swift in Sources */ = {isa = PBXBuildFile; fileRef = 1A3E425B22E87FB400D9829D /* HeaderCollectionCell.swift */; };
		1A3E425E22E87FB400D9829D /* HeaderCollectionCell.xib in Resources */ = {isa = PBXBuildFile; fileRef = 1A3E425C22E87FB400D9829D /* HeaderCollectionCell.xib */; };
		1A40DAE422F0148E0015D95D /* VC1CollectionView.swift in Sources */ = {isa = PBXBuildFile; fileRef = 1A40DAE322F0148E0015D95D /* VC1CollectionView.swift */; };
		1A40DAE722F0180D0015D95D /* VC1ScrollCell.swift in Sources */ = {isa = PBXBuildFile; fileRef = 1A40DAE522F0180D0015D95D /* VC1ScrollCell.swift */; };
		1A40DAE822F0180D0015D95D /* VC1ScrollCell.xib in Resources */ = {isa = PBXBuildFile; fileRef = 1A40DAE622F0180D0015D95D /* VC1ScrollCell.xib */; };
		1A4560BB22E56E8500AB49A0 /* AppDelegate.swift in Sources */ = {isa = PBXBuildFile; fileRef = 1A4560BA22E56E8500AB49A0 /* AppDelegate.swift */; };
		1A4560C222E56EB200AB49A0 /* Assets.xcassets in Resources */ = {isa = PBXBuildFile; fileRef = 1A4560C122E56EB200AB49A0 /* Assets.xcassets */; };
		1A4560CE22E5702F00AB49A0 /* FeedVC.swift in Sources */ = {isa = PBXBuildFile; fileRef = 1A4560CC22E5702F00AB49A0 /* FeedVC.swift */; };
		1A4560CF22E5702F00AB49A0 /* FeedVC.xib in Resources */ = {isa = PBXBuildFile; fileRef = 1A4560CD22E5702F00AB49A0 /* FeedVC.xib */; };
		1A4560D722E5782700AB49A0 /* FeedCollectionView.swift in Sources */ = {isa = PBXBuildFile; fileRef = 1A4560D622E5782700AB49A0 /* FeedCollectionView.swift */; };
		1A4560DA22E587AC00AB49A0 /* VC1.swift in Sources */ = {isa = PBXBuildFile; fileRef = 1A4560D822E587AC00AB49A0 /* VC1.swift */; };
		1A4560DB22E587AC00AB49A0 /* VC1.xib in Resources */ = {isa = PBXBuildFile; fileRef = 1A4560D922E587AC00AB49A0 /* VC1.xib */; };
		1A4560DE22E587B700AB49A0 /* VC2.swift in Sources */ = {isa = PBXBuildFile; fileRef = 1A4560DC22E587B700AB49A0 /* VC2.swift */; };
		1A4560DF22E587B700AB49A0 /* VC2.xib in Resources */ = {isa = PBXBuildFile; fileRef = 1A4560DD22E587B700AB49A0 /* VC2.xib */; };
		1A4560E222E58EF000AB49A0 /* MainViewController.swift in Sources */ = {isa = PBXBuildFile; fileRef = 1A4560E022E58EF000AB49A0 /* MainViewController.swift */; };
		1A4560EA22E5B04500AB49A0 /* ChatVC.swift in Sources */ = {isa = PBXBuildFile; fileRef = 1A4560E822E5B04500AB49A0 /* ChatVC.swift */; };
		1A4560EB22E5B04500AB49A0 /* ChatVC.xib in Resources */ = {isa = PBXBuildFile; fileRef = 1A4560E922E5B04500AB49A0 /* ChatVC.xib */; };
		1A4560ED22E5C0BC00AB49A0 /* MainViewController+CustomNavBar.swift in Sources */ = {isa = PBXBuildFile; fileRef = 1A4560EC22E5C0BC00AB49A0 /* MainViewController+CustomNavBar.swift */; };
		1A4560EF22E5C2CB00AB49A0 /* FeedViewModel.swift in Sources */ = {isa = PBXBuildFile; fileRef = 1A4560EE22E5C2CB00AB49A0 /* FeedViewModel.swift */; };
		1A4560F122E5C32900AB49A0 /* FeedData.swift in Sources */ = {isa = PBXBuildFile; fileRef = 1A4560F022E5C32900AB49A0 /* FeedData.swift */; };
		1A4560F322E5C48400AB49A0 /* APIClient.swift in Sources */ = {isa = PBXBuildFile; fileRef = 1A4560F222E5C48400AB49A0 /* APIClient.swift */; };
		1A45AB0222E9683B00133D0A /* FeedHeaderCollectionView.swift in Sources */ = {isa = PBXBuildFile; fileRef = 1A45AB0122E9683B00133D0A /* FeedHeaderCollectionView.swift */; };
		1ACDFD9622E5D7700087CDF2 /* ChatCollectionView.swift in Sources */ = {isa = PBXBuildFile; fileRef = 1ACDFD9522E5D7700087CDF2 /* ChatCollectionView.swift */; };
		BB1D7A7123E81A0100D73D23 /* AccountUIView.swift in Sources */ = {isa = PBXBuildFile; fileRef = BB1D7A7023E81A0100D73D23 /* AccountUIView.swift */; };
		BB32E3AC23E9791500A926E3 /* UpperAccountUIView.swift in Sources */ = {isa = PBXBuildFile; fileRef = BB32E3AB23E9791500A926E3 /* UpperAccountUIView.swift */; };
		BB32E3AE23E9793700A926E3 /* FeedPreviewUIView.swift in Sources */ = {isa = PBXBuildFile; fileRef = BB32E3AD23E9793700A926E3 /* FeedPreviewUIView.swift */; };
		BB32E3F123F291BF00A926E3 /* SegmentedPageViewController.swift in Sources */ = {isa = PBXBuildFile; fileRef = BB32E3EF23F291BF00A926E3 /* SegmentedPageViewController.swift */; };
		BB32E3F223F291BF00A926E3 /* SegmentedPageViewController.xib in Resources */ = {isa = PBXBuildFile; fileRef = BB32E3F023F291BF00A926E3 /* SegmentedPageViewController.xib */; };
		BB32E3F423F2930C00A926E3 /* DemoSwiftUIView.swift in Sources */ = {isa = PBXBuildFile; fileRef = BB32E3F323F2930C00A926E3 /* DemoSwiftUIView.swift */; };
		BB32E3F823F2AD3500A926E3 /* LoaderView.swift in Sources */ = {isa = PBXBuildFile; fileRef = BB32E3F723F2AD3500A926E3 /* LoaderView.swift */; };
		BB32E3FA23F2BEDB00A926E3 /* UIViewController.swift in Sources */ = {isa = PBXBuildFile; fileRef = BB32E3F923F2BEDB00A926E3 /* UIViewController.swift */; };
		BB50E315237D638E008843EC /* LoginViewController.swift in Sources */ = {isa = PBXBuildFile; fileRef = BB50E313237D638E008843EC /* LoginViewController.swift */; };
		BB50E316237D638E008843EC /* LoginViewController.xib in Resources */ = {isa = PBXBuildFile; fileRef = BB50E314237D638E008843EC /* LoginViewController.xib */; };
		BB50E31A237D63AB008843EC /* RegistrationViewController.swift in Sources */ = {isa = PBXBuildFile; fileRef = BB50E318237D63AB008843EC /* RegistrationViewController.swift */; };
		BB50E31B237D63AB008843EC /* RegistrationViewController.xib in Resources */ = {isa = PBXBuildFile; fileRef = BB50E319237D63AB008843EC /* RegistrationViewController.xib */; };
		BB50E320237D7A96008843EC /* UserAccountViewController.swift in Sources */ = {isa = PBXBuildFile; fileRef = BB50E31E237D7A96008843EC /* UserAccountViewController.swift */; };
		BB50E321237D7A96008843EC /* UserAccountViewController.xib in Resources */ = {isa = PBXBuildFile; fileRef = BB50E31F237D7A96008843EC /* UserAccountViewController.xib */; };
		BB6A2E42237161E200D3F39C /* SettingsViewController.swift in Sources */ = {isa = PBXBuildFile; fileRef = BB6A2E40237161E200D3F39C /* SettingsViewController.swift */; };
		BB6A2E43237161E200D3F39C /* SettingsViewController.xib in Resources */ = {isa = PBXBuildFile; fileRef = BB6A2E41237161E200D3F39C /* SettingsViewController.xib */; };
		BB6A2E46237163AB00D3F39C /* DetailWebViewCell.swift in Sources */ = {isa = PBXBuildFile; fileRef = BB6A2E44237163AB00D3F39C /* DetailWebViewCell.swift */; };
		BB6A2E47237163AB00D3F39C /* DetailWebViewCell.xib in Resources */ = {isa = PBXBuildFile; fileRef = BB6A2E45237163AB00D3F39C /* DetailWebViewCell.xib */; };
		BB6A2E4A2371737300D3F39C /* FillerTableViewCell.swift in Sources */ = {isa = PBXBuildFile; fileRef = BB6A2E482371737300D3F39C /* FillerTableViewCell.swift */; };
		BB6A2E4B2371737300D3F39C /* FillerTableViewCell.xib in Resources */ = {isa = PBXBuildFile; fileRef = BB6A2E492371737300D3F39C /* FillerTableViewCell.xib */; };
		BBCE13C423966B1E0096A7B3 /* UIImageView.swift in Sources */ = {isa = PBXBuildFile; fileRef = BBCE13C323966B1E0096A7B3 /* UIImageView.swift */; };
		BBCE13CC2396839B0096A7B3 /* ChatLogViewController+CustomNavBar.swift in Sources */ = {isa = PBXBuildFile; fileRef = BBCE13CB2396839B0096A7B3 /* ChatLogViewController+CustomNavBar.swift */; };
		BBCE13CE239687AB0096A7B3 /* ChatVC+CustomNavBar.swift in Sources */ = {isa = PBXBuildFile; fileRef = BBCE13CD239687AB0096A7B3 /* ChatVC+CustomNavBar.swift */; };
		BBCE13D42397C5510096A7B3 /* UITextField.swift in Sources */ = {isa = PBXBuildFile; fileRef = BBCE13D32397C5510096A7B3 /* UITextField.swift */; };
		BBCE13D62397CE720096A7B3 /* ChatLogSendTextView.xib in Resources */ = {isa = PBXBuildFile; fileRef = BBCE13D52397CE720096A7B3 /* ChatLogSendTextView.xib */; };
		BBCE13D82397D0B50096A7B3 /* ChatLogSendTextView.swift in Sources */ = {isa = PBXBuildFile; fileRef = BBCE13D72397D0B50096A7B3 /* ChatLogSendTextView.swift */; };
		BBCE13DA2397D0D30096A7B3 /* UIView.swift in Sources */ = {isa = PBXBuildFile; fileRef = BBCE13D92397D0D30096A7B3 /* UIView.swift */; };
		BBCE13DC239916D60096A7B3 /* User.swift in Sources */ = {isa = PBXBuildFile; fileRef = BBCE13DB239916D60096A7B3 /* User.swift */; };
		BBCE13DF239921920096A7B3 /* ChatViewModel.swift in Sources */ = {isa = PBXBuildFile; fileRef = BBCE13DE239921920096A7B3 /* ChatViewModel.swift */; };
		BBCE13E1239A78850096A7B3 /* Message.swift in Sources */ = {isa = PBXBuildFile; fileRef = BBCE13E0239A78850096A7B3 /* Message.swift */; };
		BBCE13E5239E916B0096A7B3 /* UserData.swift in Sources */ = {isa = PBXBuildFile; fileRef = BBCE13E4239E916B0096A7B3 /* UserData.swift */; };
		BBCE13E8239FBFC50096A7B3 /* ChatLogCollectionViewCell.swift in Sources */ = {isa = PBXBuildFile; fileRef = BBCE13E6239FBFC50096A7B3 /* ChatLogCollectionViewCell.swift */; };
		BBCE13E9239FBFC50096A7B3 /* ChatLogCollectionViewCell.xib in Resources */ = {isa = PBXBuildFile; fileRef = BBCE13E7239FBFC50096A7B3 /* ChatLogCollectionViewCell.xib */; };
		BBCE13EB239FC97F0096A7B3 /* String.swift in Sources */ = {isa = PBXBuildFile; fileRef = BBCE13EA239FC97F0096A7B3 /* String.swift */; };
		BBE0D52B238672280097D947 /* UserViewModel.swift in Sources */ = {isa = PBXBuildFile; fileRef = BBE0D52A238672280097D947 /* UserViewModel.swift */; };
		BBE0D52D238678A10097D947 /* GoogleService-Info.plist in Resources */ = {isa = PBXBuildFile; fileRef = BBE0D52C238678A10097D947 /* GoogleService-Info.plist */; };
		BBE0D553238816840097D947 /* Launch Screen.storyboard in Resources */ = {isa = PBXBuildFile; fileRef = BBE0D552238816840097D947 /* Launch Screen.storyboard */; };
		BBE0D556238D37330097D947 /* ChatLogViewController.swift in Sources */ = {isa = PBXBuildFile; fileRef = BBE0D554238D37330097D947 /* ChatLogViewController.swift */; };
		BBE0D557238D37330097D947 /* ChatLogViewController.xib in Resources */ = {isa = PBXBuildFile; fileRef = BBE0D555238D37330097D947 /* ChatLogViewController.xib */; };
		BBEDADA0237427AC007622EC /* BoxViewController.swift in Sources */ = {isa = PBXBuildFile; fileRef = BBEDAD9E237427AC007622EC /* BoxViewController.swift */; };
		BBEDADA1237427AC007622EC /* BoxViewController.xib in Resources */ = {isa = PBXBuildFile; fileRef = BBEDAD9F237427AC007622EC /* BoxViewController.xib */; };
/* End PBXBuildFile section */

/* Begin PBXFileReference section */
		134C05FC8DAA10ADE1BD0C3C /* Pods_InstaClone.framework */ = {isa = PBXFileReference; explicitFileType = wrapper.framework; includeInIndex = 0; path = Pods_InstaClone.framework; sourceTree = BUILT_PRODUCTS_DIR; };
		1A3E424322E6C8E800D9829D /* ChatViewCell.swift */ = {isa = PBXFileReference; lastKnownFileType = sourcecode.swift; path = ChatViewCell.swift; sourceTree = "<group>"; };
		1A3E424422E6C8E800D9829D /* ChatViewCell.xib */ = {isa = PBXFileReference; lastKnownFileType = file.xib; path = ChatViewCell.xib; sourceTree = "<group>"; };
		1A3E424722E6E25D00D9829D /* ChatViewHeader.swift */ = {isa = PBXFileReference; lastKnownFileType = sourcecode.swift; path = ChatViewHeader.swift; sourceTree = "<group>"; };
		1A3E424822E6E25D00D9829D /* ChatViewHeader.xib */ = {isa = PBXFileReference; lastKnownFileType = file.xib; path = ChatViewHeader.xib; sourceTree = "<group>"; };
		1A3E425322E85A8A00D9829D /* FeedViewCell.swift */ = {isa = PBXFileReference; lastKnownFileType = sourcecode.swift; path = FeedViewCell.swift; sourceTree = "<group>"; };
		1A3E425422E85A8A00D9829D /* FeedViewCell.xib */ = {isa = PBXFileReference; lastKnownFileType = file.xib; path = FeedViewCell.xib; sourceTree = "<group>"; };
		1A3E425722E86F2A00D9829D /* FeedHeaderView.swift */ = {isa = PBXFileReference; lastKnownFileType = sourcecode.swift; path = FeedHeaderView.swift; sourceTree = "<group>"; };
		1A3E425822E86F2A00D9829D /* FeedHeaderView.xib */ = {isa = PBXFileReference; lastKnownFileType = file.xib; path = FeedHeaderView.xib; sourceTree = "<group>"; };
		1A3E425B22E87FB400D9829D /* HeaderCollectionCell.swift */ = {isa = PBXFileReference; lastKnownFileType = sourcecode.swift; path = HeaderCollectionCell.swift; sourceTree = "<group>"; };
		1A3E425C22E87FB400D9829D /* HeaderCollectionCell.xib */ = {isa = PBXFileReference; lastKnownFileType = file.xib; path = HeaderCollectionCell.xib; sourceTree = "<group>"; };
		1A40DAE322F0148E0015D95D /* VC1CollectionView.swift */ = {isa = PBXFileReference; lastKnownFileType = sourcecode.swift; path = VC1CollectionView.swift; sourceTree = "<group>"; };
		1A40DAE522F0180D0015D95D /* VC1ScrollCell.swift */ = {isa = PBXFileReference; lastKnownFileType = sourcecode.swift; path = VC1ScrollCell.swift; sourceTree = "<group>"; };
		1A40DAE622F0180D0015D95D /* VC1ScrollCell.xib */ = {isa = PBXFileReference; lastKnownFileType = file.xib; path = VC1ScrollCell.xib; sourceTree = "<group>"; };
		1A4560B722E56E8500AB49A0 /* InstaClone.app */ = {isa = PBXFileReference; explicitFileType = wrapper.application; includeInIndex = 0; path = InstaClone.app; sourceTree = BUILT_PRODUCTS_DIR; };
		1A4560BA22E56E8500AB49A0 /* AppDelegate.swift */ = {isa = PBXFileReference; lastKnownFileType = sourcecode.swift; path = AppDelegate.swift; sourceTree = "<group>"; };
		1A4560C122E56EB200AB49A0 /* Assets.xcassets */ = {isa = PBXFileReference; lastKnownFileType = folder.assetcatalog; path = Assets.xcassets; sourceTree = "<group>"; };
		1A4560C622E56EB200AB49A0 /* Info.plist */ = {isa = PBXFileReference; lastKnownFileType = text.plist.xml; path = Info.plist; sourceTree = "<group>"; };
		1A4560CC22E5702F00AB49A0 /* FeedVC.swift */ = {isa = PBXFileReference; lastKnownFileType = sourcecode.swift; path = FeedVC.swift; sourceTree = "<group>"; };
		1A4560CD22E5702F00AB49A0 /* FeedVC.xib */ = {isa = PBXFileReference; lastKnownFileType = file.xib; path = FeedVC.xib; sourceTree = "<group>"; };
		1A4560D622E5782700AB49A0 /* FeedCollectionView.swift */ = {isa = PBXFileReference; lastKnownFileType = sourcecode.swift; path = FeedCollectionView.swift; sourceTree = "<group>"; };
		1A4560D822E587AC00AB49A0 /* VC1.swift */ = {isa = PBXFileReference; lastKnownFileType = sourcecode.swift; path = VC1.swift; sourceTree = "<group>"; };
		1A4560D922E587AC00AB49A0 /* VC1.xib */ = {isa = PBXFileReference; lastKnownFileType = file.xib; path = VC1.xib; sourceTree = "<group>"; };
		1A4560DC22E587B700AB49A0 /* VC2.swift */ = {isa = PBXFileReference; lastKnownFileType = sourcecode.swift; path = VC2.swift; sourceTree = "<group>"; };
		1A4560DD22E587B700AB49A0 /* VC2.xib */ = {isa = PBXFileReference; lastKnownFileType = file.xib; path = VC2.xib; sourceTree = "<group>"; };
		1A4560E022E58EF000AB49A0 /* MainViewController.swift */ = {isa = PBXFileReference; lastKnownFileType = sourcecode.swift; path = MainViewController.swift; sourceTree = "<group>"; };
		1A4560E822E5B04500AB49A0 /* ChatVC.swift */ = {isa = PBXFileReference; lastKnownFileType = sourcecode.swift; path = ChatVC.swift; sourceTree = "<group>"; };
		1A4560E922E5B04500AB49A0 /* ChatVC.xib */ = {isa = PBXFileReference; lastKnownFileType = file.xib; path = ChatVC.xib; sourceTree = "<group>"; };
		1A4560EC22E5C0BC00AB49A0 /* MainViewController+CustomNavBar.swift */ = {isa = PBXFileReference; lastKnownFileType = sourcecode.swift; path = "MainViewController+CustomNavBar.swift"; sourceTree = "<group>"; };
		1A4560EE22E5C2CB00AB49A0 /* FeedViewModel.swift */ = {isa = PBXFileReference; lastKnownFileType = sourcecode.swift; path = FeedViewModel.swift; sourceTree = "<group>"; };
		1A4560F022E5C32900AB49A0 /* FeedData.swift */ = {isa = PBXFileReference; lastKnownFileType = sourcecode.swift; path = FeedData.swift; sourceTree = "<group>"; };
		1A4560F222E5C48400AB49A0 /* APIClient.swift */ = {isa = PBXFileReference; lastKnownFileType = sourcecode.swift; path = APIClient.swift; sourceTree = "<group>"; };
		1A45AB0122E9683B00133D0A /* FeedHeaderCollectionView.swift */ = {isa = PBXFileReference; lastKnownFileType = sourcecode.swift; path = FeedHeaderCollectionView.swift; sourceTree = "<group>"; };
		1ACDFD9522E5D7700087CDF2 /* ChatCollectionView.swift */ = {isa = PBXFileReference; lastKnownFileType = sourcecode.swift; path = ChatCollectionView.swift; sourceTree = "<group>"; };
		4E37CDD222B7B319A82FB7C4 /* Pods-InstaClone.release.xcconfig */ = {isa = PBXFileReference; includeInIndex = 1; lastKnownFileType = text.xcconfig; name = "Pods-InstaClone.release.xcconfig"; path = "Target Support Files/Pods-InstaClone/Pods-InstaClone.release.xcconfig"; sourceTree = "<group>"; };
		9BA01523D6C466623CEC7BF2 /* Pods-InstaClone.debug.xcconfig */ = {isa = PBXFileReference; includeInIndex = 1; lastKnownFileType = text.xcconfig; name = "Pods-InstaClone.debug.xcconfig"; path = "Target Support Files/Pods-InstaClone/Pods-InstaClone.debug.xcconfig"; sourceTree = "<group>"; };
		BB1D7A7023E81A0100D73D23 /* AccountUIView.swift */ = {isa = PBXFileReference; lastKnownFileType = sourcecode.swift; path = AccountUIView.swift; sourceTree = "<group>"; };
		BB32E3AB23E9791500A926E3 /* UpperAccountUIView.swift */ = {isa = PBXFileReference; lastKnownFileType = sourcecode.swift; path = UpperAccountUIView.swift; sourceTree = "<group>"; };
		BB32E3AD23E9793700A926E3 /* FeedPreviewUIView.swift */ = {isa = PBXFileReference; lastKnownFileType = sourcecode.swift; path = FeedPreviewUIView.swift; sourceTree = "<group>"; };
		BB32E3EF23F291BF00A926E3 /* SegmentedPageViewController.swift */ = {isa = PBXFileReference; lastKnownFileType = sourcecode.swift; path = SegmentedPageViewController.swift; sourceTree = "<group>"; };
		BB32E3F023F291BF00A926E3 /* SegmentedPageViewController.xib */ = {isa = PBXFileReference; lastKnownFileType = file.xib; path = SegmentedPageViewController.xib; sourceTree = "<group>"; };
		BB32E3F323F2930C00A926E3 /* DemoSwiftUIView.swift */ = {isa = PBXFileReference; lastKnownFileType = sourcecode.swift; path = DemoSwiftUIView.swift; sourceTree = "<group>"; };
		BB32E3F723F2AD3500A926E3 /* LoaderView.swift */ = {isa = PBXFileReference; lastKnownFileType = sourcecode.swift; path = LoaderView.swift; sourceTree = "<group>"; };
		BB32E3F923F2BEDB00A926E3 /* UIViewController.swift */ = {isa = PBXFileReference; lastKnownFileType = sourcecode.swift; path = UIViewController.swift; sourceTree = "<group>"; };
		BB50E313237D638E008843EC /* LoginViewController.swift */ = {isa = PBXFileReference; lastKnownFileType = sourcecode.swift; path = LoginViewController.swift; sourceTree = "<group>"; };
		BB50E314237D638E008843EC /* LoginViewController.xib */ = {isa = PBXFileReference; lastKnownFileType = file.xib; path = LoginViewController.xib; sourceTree = "<group>"; };
		BB50E318237D63AB008843EC /* RegistrationViewController.swift */ = {isa = PBXFileReference; lastKnownFileType = sourcecode.swift; path = RegistrationViewController.swift; sourceTree = "<group>"; };
		BB50E319237D63AB008843EC /* RegistrationViewController.xib */ = {isa = PBXFileReference; lastKnownFileType = file.xib; path = RegistrationViewController.xib; sourceTree = "<group>"; };
		BB50E31E237D7A96008843EC /* UserAccountViewController.swift */ = {isa = PBXFileReference; lastKnownFileType = sourcecode.swift; path = UserAccountViewController.swift; sourceTree = "<group>"; };
		BB50E31F237D7A96008843EC /* UserAccountViewController.xib */ = {isa = PBXFileReference; lastKnownFileType = file.xib; path = UserAccountViewController.xib; sourceTree = "<group>"; };
		BB6A2E40237161E200D3F39C /* SettingsViewController.swift */ = {isa = PBXFileReference; lastKnownFileType = sourcecode.swift; path = SettingsViewController.swift; sourceTree = "<group>"; };
		BB6A2E41237161E200D3F39C /* SettingsViewController.xib */ = {isa = PBXFileReference; lastKnownFileType = file.xib; path = SettingsViewController.xib; sourceTree = "<group>"; };
		BB6A2E44237163AB00D3F39C /* DetailWebViewCell.swift */ = {isa = PBXFileReference; lastKnownFileType = sourcecode.swift; path = DetailWebViewCell.swift; sourceTree = "<group>"; };
		BB6A2E45237163AB00D3F39C /* DetailWebViewCell.xib */ = {isa = PBXFileReference; lastKnownFileType = file.xib; path = DetailWebViewCell.xib; sourceTree = "<group>"; };
		BB6A2E482371737300D3F39C /* FillerTableViewCell.swift */ = {isa = PBXFileReference; lastKnownFileType = sourcecode.swift; path = FillerTableViewCell.swift; sourceTree = "<group>"; };
		BB6A2E492371737300D3F39C /* FillerTableViewCell.xib */ = {isa = PBXFileReference; lastKnownFileType = file.xib; path = FillerTableViewCell.xib; sourceTree = "<group>"; };
		BBCE13C323966B1E0096A7B3 /* UIImageView.swift */ = {isa = PBXFileReference; lastKnownFileType = sourcecode.swift; path = UIImageView.swift; sourceTree = "<group>"; };
		BBCE13CB2396839B0096A7B3 /* ChatLogViewController+CustomNavBar.swift */ = {isa = PBXFileReference; lastKnownFileType = sourcecode.swift; path = "ChatLogViewController+CustomNavBar.swift"; sourceTree = "<group>"; };
		BBCE13CD239687AB0096A7B3 /* ChatVC+CustomNavBar.swift */ = {isa = PBXFileReference; lastKnownFileType = sourcecode.swift; path = "ChatVC+CustomNavBar.swift"; sourceTree = "<group>"; };
		BBCE13D32397C5510096A7B3 /* UITextField.swift */ = {isa = PBXFileReference; lastKnownFileType = sourcecode.swift; path = UITextField.swift; sourceTree = "<group>"; };
		BBCE13D52397CE720096A7B3 /* ChatLogSendTextView.xib */ = {isa = PBXFileReference; lastKnownFileType = file.xib; path = ChatLogSendTextView.xib; sourceTree = "<group>"; };
		BBCE13D72397D0B50096A7B3 /* ChatLogSendTextView.swift */ = {isa = PBXFileReference; lastKnownFileType = sourcecode.swift; path = ChatLogSendTextView.swift; sourceTree = "<group>"; };
		BBCE13D92397D0D30096A7B3 /* UIView.swift */ = {isa = PBXFileReference; lastKnownFileType = sourcecode.swift; path = UIView.swift; sourceTree = "<group>"; };
		BBCE13DB239916D60096A7B3 /* User.swift */ = {isa = PBXFileReference; lastKnownFileType = sourcecode.swift; path = User.swift; sourceTree = "<group>"; };
		BBCE13DE239921920096A7B3 /* ChatViewModel.swift */ = {isa = PBXFileReference; lastKnownFileType = sourcecode.swift; path = ChatViewModel.swift; sourceTree = "<group>"; };
		BBCE13E0239A78850096A7B3 /* Message.swift */ = {isa = PBXFileReference; lastKnownFileType = sourcecode.swift; path = Message.swift; sourceTree = "<group>"; };
		BBCE13E4239E916B0096A7B3 /* UserData.swift */ = {isa = PBXFileReference; lastKnownFileType = sourcecode.swift; path = UserData.swift; sourceTree = "<group>"; };
		BBCE13E6239FBFC50096A7B3 /* ChatLogCollectionViewCell.swift */ = {isa = PBXFileReference; lastKnownFileType = sourcecode.swift; path = ChatLogCollectionViewCell.swift; sourceTree = "<group>"; };
		BBCE13E7239FBFC50096A7B3 /* ChatLogCollectionViewCell.xib */ = {isa = PBXFileReference; lastKnownFileType = file.xib; path = ChatLogCollectionViewCell.xib; sourceTree = "<group>"; };
		BBCE13EA239FC97F0096A7B3 /* String.swift */ = {isa = PBXFileReference; lastKnownFileType = sourcecode.swift; path = String.swift; sourceTree = "<group>"; };
		BBE0D52A238672280097D947 /* UserViewModel.swift */ = {isa = PBXFileReference; lastKnownFileType = sourcecode.swift; path = UserViewModel.swift; sourceTree = "<group>"; };
		BBE0D52C238678A10097D947 /* GoogleService-Info.plist */ = {isa = PBXFileReference; fileEncoding = 4; lastKnownFileType = text.plist.xml; name = "GoogleService-Info.plist"; path = "/Users/zop1902/Documents/InstaClone/InstaClone/GoogleService-Info.plist"; sourceTree = "<absolute>"; };
		BBE0D552238816840097D947 /* Launch Screen.storyboard */ = {isa = PBXFileReference; lastKnownFileType = file.storyboard; path = "Launch Screen.storyboard"; sourceTree = "<group>"; };
		BBE0D554238D37330097D947 /* ChatLogViewController.swift */ = {isa = PBXFileReference; lastKnownFileType = sourcecode.swift; path = ChatLogViewController.swift; sourceTree = "<group>"; };
		BBE0D555238D37330097D947 /* ChatLogViewController.xib */ = {isa = PBXFileReference; lastKnownFileType = file.xib; path = ChatLogViewController.xib; sourceTree = "<group>"; };
		BBEDAD9E237427AC007622EC /* BoxViewController.swift */ = {isa = PBXFileReference; lastKnownFileType = sourcecode.swift; path = BoxViewController.swift; sourceTree = "<group>"; };
		BBEDAD9F237427AC007622EC /* BoxViewController.xib */ = {isa = PBXFileReference; lastKnownFileType = file.xib; path = BoxViewController.xib; sourceTree = "<group>"; };
/* End PBXFileReference section */

/* Begin PBXFrameworksBuildPhase section */
		1A4560B422E56E8500AB49A0 /* Frameworks */ = {
			isa = PBXFrameworksBuildPhase;
			buildActionMask = 2147483647;
			files = (
				1041F1287F20A110F8DC77B0 /* Pods_InstaClone.framework in Frameworks */,
			);
			runOnlyForDeploymentPostprocessing = 0;
		};
/* End PBXFrameworksBuildPhase section */

/* Begin PBXGroup section */
		1A4560AE22E56E8500AB49A0 = {
			isa = PBXGroup;
			children = (
				1A4560B922E56E8500AB49A0 /* InstaClone */,
				1A4560B822E56E8500AB49A0 /* Products */,
				AD961F525A740D06DDCB6695 /* Pods */,
				C98707C35FB5981E66F5DD9F /* Frameworks */,
			);
			sourceTree = "<group>";
		};
		1A4560B822E56E8500AB49A0 /* Products */ = {
			isa = PBXGroup;
			children = (
				1A4560B722E56E8500AB49A0 /* InstaClone.app */,
			);
			name = Products;
			sourceTree = "<group>";
		};
		1A4560B922E56E8500AB49A0 /* InstaClone */ = {
			isa = PBXGroup;
			children = (
				1A4560BA22E56E8500AB49A0 /* AppDelegate.swift */,
				BBE0D552238816840097D947 /* Launch Screen.storyboard */,
				1A4560C122E56EB200AB49A0 /* Assets.xcassets */,
				BBE0D52C238678A10097D947 /* GoogleService-Info.plist */,
				1A4560C622E56EB200AB49A0 /* Info.plist */,
				1A4560D022E5703800AB49A0 /* Features */,
				BBCE13C523966B290096A7B3 /* Extensions */,
			);
			path = InstaClone;
			sourceTree = "<group>";
		};
		1A4560D022E5703800AB49A0 /* Features */ = {
			isa = PBXGroup;
			children = (
				1A45AB0422E9C0C100133D0A /* Essentials */,
				BB50E31D237D63BB008843EC /* UserAccount */,
				BBE0D558238D373B0097D947 /* ChatLog */,
				1A45AB0322E9C0A000133D0A /* ChatPage */,
				1A4560D122E5703F00AB49A0 /* Feed */,
				BBEDADA2237427B5007622EC /* Box-Animation */,
				BBCE13C623966E6C0096A7B3 /* Unused */,
				BB1D7A7223E81A0B00D73D23 /* My Account */,
				BB32E3F323F2930C00A926E3 /* DemoSwiftUIView.swift */,
			);
			path = Features;
			sourceTree = "<group>";
		};
		1A4560D122E5703F00AB49A0 /* Feed */ = {
			isa = PBXGroup;
			children = (
				1A4560D622E5782700AB49A0 /* FeedCollectionView.swift */,
				1A4560CC22E5702F00AB49A0 /* FeedVC.swift */,
				1A4560CD22E5702F00AB49A0 /* FeedVC.xib */,
				1A45AB0122E9683B00133D0A /* FeedHeaderCollectionView.swift */,
				1A4560EE22E5C2CB00AB49A0 /* FeedViewModel.swift */,
				1A4560F022E5C32900AB49A0 /* FeedData.swift */,
				1A45AB0622E9C10800133D0A /* HelperViews */,
			);
			path = Feed;
			sourceTree = "<group>";
		};
		1A45AB0322E9C0A000133D0A /* ChatPage */ = {
			isa = PBXGroup;
			children = (
				1A4560E822E5B04500AB49A0 /* ChatVC.swift */,
				1A4560E922E5B04500AB49A0 /* ChatVC.xib */,
				1ACDFD9522E5D7700087CDF2 /* ChatCollectionView.swift */,
				BBCE13CD239687AB0096A7B3 /* ChatVC+CustomNavBar.swift */,
				1A45AB0522E9C0EB00133D0A /* HelperViews */,
				BBCE13DD239921690096A7B3 /* Extras-Experiments */,
				BBCE13DE239921920096A7B3 /* ChatViewModel.swift */,
			);
			path = ChatPage;
			sourceTree = "<group>";
		};
		1A45AB0422E9C0C100133D0A /* Essentials */ = {
			isa = PBXGroup;
			children = (
				1A4560E022E58EF000AB49A0 /* MainViewController.swift */,
				1A4560EC22E5C0BC00AB49A0 /* MainViewController+CustomNavBar.swift */,
				1A4560F222E5C48400AB49A0 /* APIClient.swift */,
				BB32E3F723F2AD3500A926E3 /* LoaderView.swift */,
			);
			path = Essentials;
			sourceTree = "<group>";
		};
		1A45AB0522E9C0EB00133D0A /* HelperViews */ = {
			isa = PBXGroup;
			children = (
				1A3E424322E6C8E800D9829D /* ChatViewCell.swift */,
				1A3E424422E6C8E800D9829D /* ChatViewCell.xib */,
				1A3E424722E6E25D00D9829D /* ChatViewHeader.swift */,
				1A3E424822E6E25D00D9829D /* ChatViewHeader.xib */,
			);
			path = HelperViews;
			sourceTree = "<group>";
		};
		1A45AB0622E9C10800133D0A /* HelperViews */ = {
			isa = PBXGroup;
			children = (
				1A3E425322E85A8A00D9829D /* FeedViewCell.swift */,
				1A3E425422E85A8A00D9829D /* FeedViewCell.xib */,
				1A3E425722E86F2A00D9829D /* FeedHeaderView.swift */,
				1A3E425822E86F2A00D9829D /* FeedHeaderView.xib */,
				1A45AB0822E9C13000133D0A /* HeaderCollectionCell */,
			);
			path = HelperViews;
			sourceTree = "<group>";
		};
		1A45AB0822E9C13000133D0A /* HeaderCollectionCell */ = {
			isa = PBXGroup;
			children = (
				1A3E425B22E87FB400D9829D /* HeaderCollectionCell.swift */,
				1A3E425C22E87FB400D9829D /* HeaderCollectionCell.xib */,
			);
			path = HeaderCollectionCell;
			sourceTree = "<group>";
		};
		AD961F525A740D06DDCB6695 /* Pods */ = {
			isa = PBXGroup;
			children = (
				9BA01523D6C466623CEC7BF2 /* Pods-InstaClone.debug.xcconfig */,
				4E37CDD222B7B319A82FB7C4 /* Pods-InstaClone.release.xcconfig */,
			);
			path = Pods;
			sourceTree = "<group>";
		};
		BB1D7A7223E81A0B00D73D23 /* My Account */ = {
			isa = PBXGroup;
			children = (
				BB1D7A7023E81A0100D73D23 /* AccountUIView.swift */,
				BB32E3AB23E9791500A926E3 /* UpperAccountUIView.swift */,
				BB32E3AD23E9793700A926E3 /* FeedPreviewUIView.swift */,
			);
			path = "My Account";
			sourceTree = "<group>";
		};
		BB50E317237D6396008843EC /* Login */ = {
			isa = PBXGroup;
			children = (
				BB50E313237D638E008843EC /* LoginViewController.swift */,
				BB50E314237D638E008843EC /* LoginViewController.xib */,
			);
			path = Login;
			sourceTree = "<group>";
		};
		BB50E31C237D63B1008843EC /* Register */ = {
			isa = PBXGroup;
			children = (
				BB50E318237D63AB008843EC /* RegistrationViewController.swift */,
				BB50E319237D63AB008843EC /* RegistrationViewController.xib */,
			);
			path = Register;
			sourceTree = "<group>";
		};
		BB50E31D237D63BB008843EC /* UserAccount */ = {
			isa = PBXGroup;
			children = (
				BB50E317237D6396008843EC /* Login */,
				BB50E31C237D63B1008843EC /* Register */,
				BB50E31E237D7A96008843EC /* UserAccountViewController.swift */,
				BB50E31F237D7A96008843EC /* UserAccountViewController.xib */,
				BBE0D52A238672280097D947 /* UserViewModel.swift */,
				BBCE13DB239916D60096A7B3 /* User.swift */,
			);
			path = UserAccount;
			sourceTree = "<group>";
		};
		BBCE13C523966B290096A7B3 /* Extensions */ = {
			isa = PBXGroup;
			children = (
				BBCE13C323966B1E0096A7B3 /* UIImageView.swift */,
				BBCE13D32397C5510096A7B3 /* UITextField.swift */,
				BBCE13D92397D0D30096A7B3 /* UIView.swift */,
				BBCE13EA239FC97F0096A7B3 /* String.swift */,
				BB32E3F923F2BEDB00A926E3 /* UIViewController.swift */,
			);
			path = Extensions;
			sourceTree = "<group>";
		};
		BBCE13C623966E6C0096A7B3 /* Unused */ = {
			isa = PBXGroup;
			children = (
				1A4560D822E587AC00AB49A0 /* VC1.swift */,
				1A4560D922E587AC00AB49A0 /* VC1.xib */,
				1A4560DC22E587B700AB49A0 /* VC2.swift */,
				1A4560DD22E587B700AB49A0 /* VC2.xib */,
				1A40DAE322F0148E0015D95D /* VC1CollectionView.swift */,
				1A40DAE522F0180D0015D95D /* VC1ScrollCell.swift */,
				1A40DAE622F0180D0015D95D /* VC1ScrollCell.xib */,
				BB32E3EF23F291BF00A926E3 /* SegmentedPageViewController.swift */,
				BB32E3F023F291BF00A926E3 /* SegmentedPageViewController.xib */,
			);
			path = Unused;
			sourceTree = "<group>";
		};
		BBCE13DD239921690096A7B3 /* Extras-Experiments */ = {
			isa = PBXGroup;
			children = (
				BB6A2E40237161E200D3F39C /* SettingsViewController.swift */,
				BB6A2E41237161E200D3F39C /* SettingsViewController.xib */,
				BB6A2E44237163AB00D3F39C /* DetailWebViewCell.swift */,
				BB6A2E45237163AB00D3F39C /* DetailWebViewCell.xib */,
				BB6A2E482371737300D3F39C /* FillerTableViewCell.swift */,
				BB6A2E492371737300D3F39C /* FillerTableViewCell.xib */,
			);
			path = "Extras-Experiments";
			sourceTree = "<group>";
		};
		BBE0D558238D373B0097D947 /* ChatLog */ = {
			isa = PBXGroup;
			children = (
				BBE0D554238D37330097D947 /* ChatLogViewController.swift */,
				BBE0D555238D37330097D947 /* ChatLogViewController.xib */,
				BBCE13CB2396839B0096A7B3 /* ChatLogViewController+CustomNavBar.swift */,
				BBCE13D52397CE720096A7B3 /* ChatLogSendTextView.xib */,
				BBCE13D72397D0B50096A7B3 /* ChatLogSendTextView.swift */,
				BBCE13E0239A78850096A7B3 /* Message.swift */,
				BBCE13E4239E916B0096A7B3 /* UserData.swift */,
				BBCE13E6239FBFC50096A7B3 /* ChatLogCollectionViewCell.swift */,
				BBCE13E7239FBFC50096A7B3 /* ChatLogCollectionViewCell.xib */,
			);
			path = ChatLog;
			sourceTree = "<group>";
		};
		BBEDADA2237427B5007622EC /* Box-Animation */ = {
			isa = PBXGroup;
			children = (
				BBEDAD9E237427AC007622EC /* BoxViewController.swift */,
				BBEDAD9F237427AC007622EC /* BoxViewController.xib */,
			);
			path = "Box-Animation";
			sourceTree = "<group>";
		};
		C98707C35FB5981E66F5DD9F /* Frameworks */ = {
			isa = PBXGroup;
			children = (
				134C05FC8DAA10ADE1BD0C3C /* Pods_InstaClone.framework */,
			);
			name = Frameworks;
			sourceTree = "<group>";
		};
/* End PBXGroup section */

/* Begin PBXNativeTarget section */
		1A4560B622E56E8500AB49A0 /* InstaClone */ = {
			isa = PBXNativeTarget;
			buildConfigurationList = 1A4560C922E56EB200AB49A0 /* Build configuration list for PBXNativeTarget "InstaClone" */;
			buildPhases = (
				07104CB8E1DC841D6D8DAA59 /* [CP] Check Pods Manifest.lock */,
				1A4560B322E56E8500AB49A0 /* Sources */,
				1A4560B422E56E8500AB49A0 /* Frameworks */,
				1A4560B522E56E8500AB49A0 /* Resources */,
				2C3628219F62252C0E0E67F2 /* [CP] Embed Pods Frameworks */,
				DBD91523B365F6EA35ADCE24 /* [CP] Copy Pods Resources */,
			);
			buildRules = (
			);
			dependencies = (
			);
			name = InstaClone;
			productName = InstaClone;
			productReference = 1A4560B722E56E8500AB49A0 /* InstaClone.app */;
			productType = "com.apple.product-type.application";
		};
/* End PBXNativeTarget section */

/* Begin PBXProject section */
		1A4560AF22E56E8500AB49A0 /* Project object */ = {
			isa = PBXProject;
			attributes = {
				LastSwiftUpdateCheck = 1020;
				LastUpgradeCheck = 1020;
				ORGANIZATIONNAME = Personal;
				TargetAttributes = {
					1A4560B622E56E8500AB49A0 = {
						CreatedOnToolsVersion = 10.2.1;
					};
				};
			};
			buildConfigurationList = 1A4560B222E56E8500AB49A0 /* Build configuration list for PBXProject "InstaClone" */;
			compatibilityVersion = "Xcode 9.3";
			developmentRegion = en;
			hasScannedForEncodings = 0;
			knownRegions = (
				en,
				Base,
			);
			mainGroup = 1A4560AE22E56E8500AB49A0;
			productRefGroup = 1A4560B822E56E8500AB49A0 /* Products */;
			projectDirPath = "";
			projectRoot = "";
			targets = (
				1A4560B622E56E8500AB49A0 /* InstaClone */,
			);
		};
/* End PBXProject section */

/* Begin PBXResourcesBuildPhase section */
		1A4560B522E56E8500AB49A0 /* Resources */ = {
			isa = PBXResourcesBuildPhase;
			buildActionMask = 2147483647;
			files = (
				BB6A2E43237161E200D3F39C /* SettingsViewController.xib in Resources */,
				1A4560DF22E587B700AB49A0 /* VC2.xib in Resources */,
				1A3E425E22E87FB400D9829D /* HeaderCollectionCell.xib in Resources */,
				BB50E31B237D63AB008843EC /* RegistrationViewController.xib in Resources */,
				1A3E425A22E86F2A00D9829D /* FeedHeaderView.xib in Resources */,
				BB50E321237D7A96008843EC /* UserAccountViewController.xib in Resources */,
				1A4560CF22E5702F00AB49A0 /* FeedVC.xib in Resources */,
				1A3E424622E6C8E800D9829D /* ChatViewCell.xib in Resources */,
				1A3E424A22E6E25D00D9829D /* ChatViewHeader.xib in Resources */,
				BBCE13E9239FBFC50096A7B3 /* ChatLogCollectionViewCell.xib in Resources */,
				BB50E316237D638E008843EC /* LoginViewController.xib in Resources */,
				BBE0D557238D37330097D947 /* ChatLogViewController.xib in Resources */,
				1A40DAE822F0180D0015D95D /* VC1ScrollCell.xib in Resources */,
				BBE0D52D238678A10097D947 /* GoogleService-Info.plist in Resources */,
				1A4560DB22E587AC00AB49A0 /* VC1.xib in Resources */,
				1A4560EB22E5B04500AB49A0 /* ChatVC.xib in Resources */,
				BB32E3F223F291BF00A926E3 /* SegmentedPageViewController.xib in Resources */,
				1A4560C222E56EB200AB49A0 /* Assets.xcassets in Resources */,
				BB6A2E4B2371737300D3F39C /* FillerTableViewCell.xib in Resources */,
				BB6A2E47237163AB00D3F39C /* DetailWebViewCell.xib in Resources */,
				BBCE13D62397CE720096A7B3 /* ChatLogSendTextView.xib in Resources */,
				BBEDADA1237427AC007622EC /* BoxViewController.xib in Resources */,
				BBE0D553238816840097D947 /* Launch Screen.storyboard in Resources */,
				1A3E425622E85A8A00D9829D /* FeedViewCell.xib in Resources */,
			);
			runOnlyForDeploymentPostprocessing = 0;
		};
/* End PBXResourcesBuildPhase section */

/* Begin PBXShellScriptBuildPhase section */
		07104CB8E1DC841D6D8DAA59 /* [CP] Check Pods Manifest.lock */ = {
			isa = PBXShellScriptBuildPhase;
			buildActionMask = 2147483647;
			files = (
			);
			inputFileListPaths = (
			);
			inputPaths = (
				"${PODS_PODFILE_DIR_PATH}/Podfile.lock",
				"${PODS_ROOT}/Manifest.lock",
			);
			name = "[CP] Check Pods Manifest.lock";
			outputFileListPaths = (
			);
			outputPaths = (
				"$(DERIVED_FILE_DIR)/Pods-InstaClone-checkManifestLockResult.txt",
			);
			runOnlyForDeploymentPostprocessing = 0;
			shellPath = /bin/sh;
			shellScript = "diff \"${PODS_PODFILE_DIR_PATH}/Podfile.lock\" \"${PODS_ROOT}/Manifest.lock\" > /dev/null\nif [ $? != 0 ] ; then\n    # print error to STDERR\n    echo \"error: The sandbox is not in sync with the Podfile.lock. Run 'pod install' or update your CocoaPods installation.\" >&2\n    exit 1\nfi\n# This output is used by Xcode 'outputs' to avoid re-running this script phase.\necho \"SUCCESS\" > \"${SCRIPT_OUTPUT_FILE_0}\"\n";
			showEnvVarsInLog = 0;
		};
		2C3628219F62252C0E0E67F2 /* [CP] Embed Pods Frameworks */ = {
			isa = PBXShellScriptBuildPhase;
			buildActionMask = 2147483647;
			files = (
			);
			inputFileListPaths = (
				"${PODS_ROOT}/Target Support Files/Pods-InstaClone/Pods-InstaClone-frameworks-${CONFIGURATION}-input-files.xcfilelist",
			);
			name = "[CP] Embed Pods Frameworks";
			outputFileListPaths = (
				"${PODS_ROOT}/Target Support Files/Pods-InstaClone/Pods-InstaClone-frameworks-${CONFIGURATION}-output-files.xcfilelist",
			);
			runOnlyForDeploymentPostprocessing = 0;
			shellPath = /bin/sh;
			shellScript = "\"${PODS_ROOT}/Target Support Files/Pods-InstaClone/Pods-InstaClone-frameworks.sh\"\n";
			showEnvVarsInLog = 0;
		};
		DBD91523B365F6EA35ADCE24 /* [CP] Copy Pods Resources */ = {
			isa = PBXShellScriptBuildPhase;
			buildActionMask = 2147483647;
			files = (
			);
			inputFileListPaths = (
				"${PODS_ROOT}/Target Support Files/Pods-InstaClone/Pods-InstaClone-resources-${CONFIGURATION}-input-files.xcfilelist",
			);
			name = "[CP] Copy Pods Resources";
			outputFileListPaths = (
				"${PODS_ROOT}/Target Support Files/Pods-InstaClone/Pods-InstaClone-resources-${CONFIGURATION}-output-files.xcfilelist",
			);
			runOnlyForDeploymentPostprocessing = 0;
			shellPath = /bin/sh;
			shellScript = "\"${PODS_ROOT}/Target Support Files/Pods-InstaClone/Pods-InstaClone-resources.sh\"\n";
			showEnvVarsInLog = 0;
		};
/* End PBXShellScriptBuildPhase section */

/* Begin PBXSourcesBuildPhase section */
		1A4560B322E56E8500AB49A0 /* Sources */ = {
			isa = PBXSourcesBuildPhase;
			buildActionMask = 2147483647;
			files = (
				BBCE13E5239E916B0096A7B3 /* UserData.swift in Sources */,
				1A4560EA22E5B04500AB49A0 /* ChatVC.swift in Sources */,
				BBCE13EB239FC97F0096A7B3 /* String.swift in Sources */,
				BBCE13D82397D0B50096A7B3 /* ChatLogSendTextView.swift in Sources */,
				1A4560F122E5C32900AB49A0 /* FeedData.swift in Sources */,
				BB6A2E42237161E200D3F39C /* SettingsViewController.swift in Sources */,
				BB32E3F123F291BF00A926E3 /* SegmentedPageViewController.swift in Sources */,
				1A3E425522E85A8A00D9829D /* FeedViewCell.swift in Sources */,
				BBE0D556238D37330097D947 /* ChatLogViewController.swift in Sources */,
				BB50E31A237D63AB008843EC /* RegistrationViewController.swift in Sources */,
				BBCE13E1239A78850096A7B3 /* Message.swift in Sources */,
				BBE0D52B238672280097D947 /* UserViewModel.swift in Sources */,
				1A40DAE722F0180D0015D95D /* VC1ScrollCell.swift in Sources */,
				1A45AB0222E9683B00133D0A /* FeedHeaderCollectionView.swift in Sources */,
				BB32E3FA23F2BEDB00A926E3 /* UIViewController.swift in Sources */,
				1A4560E222E58EF000AB49A0 /* MainViewController.swift in Sources */,
				1A4560CE22E5702F00AB49A0 /* FeedVC.swift in Sources */,
				BB6A2E4A2371737300D3F39C /* FillerTableViewCell.swift in Sources */,
				1A4560DA22E587AC00AB49A0 /* VC1.swift in Sources */,
				BBCE13C423966B1E0096A7B3 /* UIImageView.swift in Sources */,
				BB1D7A7123E81A0100D73D23 /* AccountUIView.swift in Sources */,
				BBCE13DA2397D0D30096A7B3 /* UIView.swift in Sources */,
				BBCE13D42397C5510096A7B3 /* UITextField.swift in Sources */,
				BBCE13DF239921920096A7B3 /* ChatViewModel.swift in Sources */,
				1A4560F322E5C48400AB49A0 /* APIClient.swift in Sources */,
				1A3E425922E86F2A00D9829D /* FeedHeaderView.swift in Sources */,
				1A3E425D22E87FB400D9829D /* HeaderCollectionCell.swift in Sources */,
				BB50E315237D638E008843EC /* LoginViewController.swift in Sources */,
				1A4560ED22E5C0BC00AB49A0 /* MainViewController+CustomNavBar.swift in Sources */,
				1A40DAE422F0148E0015D95D /* VC1CollectionView.swift in Sources */,
				BBCE13CC2396839B0096A7B3 /* ChatLogViewController+CustomNavBar.swift in Sources */,
				BB32E3AE23E9793700A926E3 /* FeedPreviewUIView.swift in Sources */,
				BB32E3F423F2930C00A926E3 /* DemoSwiftUIView.swift in Sources */,
				1A3E424922E6E25D00D9829D /* ChatViewHeader.swift in Sources */,
				1A3E424522E6C8E800D9829D /* ChatViewCell.swift in Sources */,
				1A4560DE22E587B700AB49A0 /* VC2.swift in Sources */,
				BBEDADA0237427AC007622EC /* BoxViewController.swift in Sources */,
				1A4560BB22E56E8500AB49A0 /* AppDelegate.swift in Sources */,
				BB6A2E46237163AB00D3F39C /* DetailWebViewCell.swift in Sources */,
				BB32E3F823F2AD3500A926E3 /* LoaderView.swift in Sources */,
				1ACDFD9622E5D7700087CDF2 /* ChatCollectionView.swift in Sources */,
				1A4560D722E5782700AB49A0 /* FeedCollectionView.swift in Sources */,
				BBCE13E8239FBFC50096A7B3 /* ChatLogCollectionViewCell.swift in Sources */,
				BBCE13DC239916D60096A7B3 /* User.swift in Sources */,
				1A4560EF22E5C2CB00AB49A0 /* FeedViewModel.swift in Sources */,
				BBCE13CE239687AB0096A7B3 /* ChatVC+CustomNavBar.swift in Sources */,
				BB50E320237D7A96008843EC /* UserAccountViewController.swift in Sources */,
				BB32E3AC23E9791500A926E3 /* UpperAccountUIView.swift in Sources */,
			);
			runOnlyForDeploymentPostprocessing = 0;
		};
/* End PBXSourcesBuildPhase section */

/* Begin XCBuildConfiguration section */
		1A4560C722E56EB200AB49A0 /* Debug */ = {
			isa = XCBuildConfiguration;
			buildSettings = {
				ALWAYS_SEARCH_USER_PATHS = NO;
				CLANG_ANALYZER_NONNULL = YES;
				CLANG_ANALYZER_NUMBER_OBJECT_CONVERSION = YES_AGGRESSIVE;
				CLANG_CXX_LANGUAGE_STANDARD = "gnu++14";
				CLANG_CXX_LIBRARY = "libc++";
				CLANG_ENABLE_MODULES = YES;
				CLANG_ENABLE_OBJC_ARC = YES;
				CLANG_ENABLE_OBJC_WEAK = YES;
				CLANG_WARN_BLOCK_CAPTURE_AUTORELEASING = YES;
				CLANG_WARN_BOOL_CONVERSION = YES;
				CLANG_WARN_COMMA = YES;
				CLANG_WARN_CONSTANT_CONVERSION = YES;
				CLANG_WARN_DEPRECATED_OBJC_IMPLEMENTATIONS = YES;
				CLANG_WARN_DIRECT_OBJC_ISA_USAGE = YES_ERROR;
				CLANG_WARN_DOCUMENTATION_COMMENTS = YES;
				CLANG_WARN_EMPTY_BODY = YES;
				CLANG_WARN_ENUM_CONVERSION = YES;
				CLANG_WARN_INFINITE_RECURSION = YES;
				CLANG_WARN_INT_CONVERSION = YES;
				CLANG_WARN_NON_LITERAL_NULL_CONVERSION = YES;
				CLANG_WARN_OBJC_IMPLICIT_RETAIN_SELF = YES;
				CLANG_WARN_OBJC_LITERAL_CONVERSION = YES;
				CLANG_WARN_OBJC_ROOT_CLASS = YES_ERROR;
				CLANG_WARN_RANGE_LOOP_ANALYSIS = YES;
				CLANG_WARN_STRICT_PROTOTYPES = YES;
				CLANG_WARN_SUSPICIOUS_MOVE = YES;
				CLANG_WARN_UNGUARDED_AVAILABILITY = YES_AGGRESSIVE;
				CLANG_WARN_UNREACHABLE_CODE = YES;
				CLANG_WARN__DUPLICATE_METHOD_MATCH = YES;
				CODE_SIGN_IDENTITY = "iPhone Developer";
				COPY_PHASE_STRIP = NO;
				DEBUG_INFORMATION_FORMAT = dwarf;
				ENABLE_STRICT_OBJC_MSGSEND = YES;
				ENABLE_TESTABILITY = YES;
				GCC_C_LANGUAGE_STANDARD = gnu11;
				GCC_DYNAMIC_NO_PIC = NO;
				GCC_NO_COMMON_BLOCKS = YES;
				GCC_OPTIMIZATION_LEVEL = 0;
				GCC_PREPROCESSOR_DEFINITIONS = (
					"DEBUG=1",
					"$(inherited)",
				);
				GCC_WARN_64_TO_32_BIT_CONVERSION = YES;
				GCC_WARN_ABOUT_RETURN_TYPE = YES_ERROR;
				GCC_WARN_UNDECLARED_SELECTOR = YES;
				GCC_WARN_UNINITIALIZED_AUTOS = YES_AGGRESSIVE;
				GCC_WARN_UNUSED_FUNCTION = YES;
				GCC_WARN_UNUSED_VARIABLE = YES;
				IPHONEOS_DEPLOYMENT_TARGET = 12.2;
				MTL_ENABLE_DEBUG_INFO = INCLUDE_SOURCE;
				MTL_FAST_MATH = YES;
				ONLY_ACTIVE_ARCH = YES;
				SDKROOT = iphoneos;
				SWIFT_ACTIVE_COMPILATION_CONDITIONS = DEBUG;
				SWIFT_OPTIMIZATION_LEVEL = "-Onone";
			};
			name = Debug;
		};
		1A4560C822E56EB200AB49A0 /* Release */ = {
			isa = XCBuildConfiguration;
			buildSettings = {
				ALWAYS_SEARCH_USER_PATHS = NO;
				CLANG_ANALYZER_NONNULL = YES;
				CLANG_ANALYZER_NUMBER_OBJECT_CONVERSION = YES_AGGRESSIVE;
				CLANG_CXX_LANGUAGE_STANDARD = "gnu++14";
				CLANG_CXX_LIBRARY = "libc++";
				CLANG_ENABLE_MODULES = YES;
				CLANG_ENABLE_OBJC_ARC = YES;
				CLANG_ENABLE_OBJC_WEAK = YES;
				CLANG_WARN_BLOCK_CAPTURE_AUTORELEASING = YES;
				CLANG_WARN_BOOL_CONVERSION = YES;
				CLANG_WARN_COMMA = YES;
				CLANG_WARN_CONSTANT_CONVERSION = YES;
				CLANG_WARN_DEPRECATED_OBJC_IMPLEMENTATIONS = YES;
				CLANG_WARN_DIRECT_OBJC_ISA_USAGE = YES_ERROR;
				CLANG_WARN_DOCUMENTATION_COMMENTS = YES;
				CLANG_WARN_EMPTY_BODY = YES;
				CLANG_WARN_ENUM_CONVERSION = YES;
				CLANG_WARN_INFINITE_RECURSION = YES;
				CLANG_WARN_INT_CONVERSION = YES;
				CLANG_WARN_NON_LITERAL_NULL_CONVERSION = YES;
				CLANG_WARN_OBJC_IMPLICIT_RETAIN_SELF = YES;
				CLANG_WARN_OBJC_LITERAL_CONVERSION = YES;
				CLANG_WARN_OBJC_ROOT_CLASS = YES_ERROR;
				CLANG_WARN_RANGE_LOOP_ANALYSIS = YES;
				CLANG_WARN_STRICT_PROTOTYPES = YES;
				CLANG_WARN_SUSPICIOUS_MOVE = YES;
				CLANG_WARN_UNGUARDED_AVAILABILITY = YES_AGGRESSIVE;
				CLANG_WARN_UNREACHABLE_CODE = YES;
				CLANG_WARN__DUPLICATE_METHOD_MATCH = YES;
				CODE_SIGN_IDENTITY = "iPhone Developer";
				COPY_PHASE_STRIP = NO;
				DEBUG_INFORMATION_FORMAT = "dwarf-with-dsym";
				ENABLE_NS_ASSERTIONS = NO;
				ENABLE_STRICT_OBJC_MSGSEND = YES;
				GCC_C_LANGUAGE_STANDARD = gnu11;
				GCC_NO_COMMON_BLOCKS = YES;
				GCC_WARN_64_TO_32_BIT_CONVERSION = YES;
				GCC_WARN_ABOUT_RETURN_TYPE = YES_ERROR;
				GCC_WARN_UNDECLARED_SELECTOR = YES;
				GCC_WARN_UNINITIALIZED_AUTOS = YES_AGGRESSIVE;
				GCC_WARN_UNUSED_FUNCTION = YES;
				GCC_WARN_UNUSED_VARIABLE = YES;
				IPHONEOS_DEPLOYMENT_TARGET = 12.2;
				MTL_ENABLE_DEBUG_INFO = NO;
				MTL_FAST_MATH = YES;
				SDKROOT = iphoneos;
				SWIFT_COMPILATION_MODE = wholemodule;
				SWIFT_OPTIMIZATION_LEVEL = "-O";
				VALIDATE_PRODUCT = YES;
			};
			name = Release;
		};
		1A4560CA22E56EB200AB49A0 /* Debug */ = {
			isa = XCBuildConfiguration;
			baseConfigurationReference = 9BA01523D6C466623CEC7BF2 /* Pods-InstaClone.debug.xcconfig */;
			buildSettings = {
				ASSETCATALOG_COMPILER_APPICON_NAME = AppIcon;
				CODE_SIGN_STYLE = Automatic;
				INFOPLIST_FILE = InstaClone/Info.plist;
				LD_RUNPATH_SEARCH_PATHS = (
					"$(inherited)",
					"@executable_path/Frameworks",
				);
				PRODUCT_BUNDLE_IDENTIFIER = fury2k.InstaClone;
				PRODUCT_NAME = "$(TARGET_NAME)";
				SWIFT_VERSION = 5.0;
				TARGETED_DEVICE_FAMILY = "1,2";
			};
			name = Debug;
		};
		1A4560CB22E56EB200AB49A0 /* Release */ = {
			isa = XCBuildConfiguration;
			baseConfigurationReference = 4E37CDD222B7B319A82FB7C4 /* Pods-InstaClone.release.xcconfig */;
			buildSettings = {
				ASSETCATALOG_COMPILER_APPICON_NAME = AppIcon;
				CODE_SIGN_STYLE = Automatic;
				INFOPLIST_FILE = InstaClone/Info.plist;
				LD_RUNPATH_SEARCH_PATHS = (
					"$(inherited)",
					"@executable_path/Frameworks",
				);
				PRODUCT_BUNDLE_IDENTIFIER = fury2k.InstaClone;
				PRODUCT_NAME = "$(TARGET_NAME)";
				SWIFT_VERSION = 5.0;
				TARGETED_DEVICE_FAMILY = "1,2";
			};
			name = Release;
		};
/* End XCBuildConfiguration section */

/* Begin XCConfigurationList section */
		1A4560B222E56E8500AB49A0 /* Build configuration list for PBXProject "InstaClone" */ = {
			isa = XCConfigurationList;
			buildConfigurations = (
				1A4560C722E56EB200AB49A0 /* Debug */,
				1A4560C822E56EB200AB49A0 /* Release */,
			);
			defaultConfigurationIsVisible = 0;
			defaultConfigurationName = Release;
		};
		1A4560C922E56EB200AB49A0 /* Build configuration list for PBXNativeTarget "InstaClone" */ = {
			isa = XCConfigurationList;
			buildConfigurations = (
				1A4560CA22E56EB200AB49A0 /* Debug */,
				1A4560CB22E56EB200AB49A0 /* Release */,
			);
			defaultConfigurationIsVisible = 0;
			defaultConfigurationName = Release;
		};
/* End XCConfigurationList section */
	};
	rootObject = 1A4560AF22E56E8500AB49A0 /* Project object */;
}
